
Microsoft Visual Studio Solution File, Format Version 12.00
# Visual Studio Version 16
VisualStudioVersion = 16.0.29728.190
MinimumVisualStudioVersion = 10.0.40219.1
Project("{FAE04EC0-301F-11D3-BF4B-00C04F79EFBC}") = "ProjectFinal", "ProjectFinal\ProjectFinal.csproj", "{F4B4A454-B13C-4F34-9766-AF4B0DF65344}"
EndProject
Global
	GlobalSection(SolutionConfigurationPlatforms) = preSolution
		Debug|Any CPU = Debug|Any CPU
		Release|Any CPU = Release|Any CPU
	EndGlobalSection
	GlobalSection(ProjectConfigurationPlatforms) = postSolution
		{F4B4A454-B13C-4F34-9766-AF4B0DF65344}.Debug|Any CPU.ActiveCfg = Debug|Any CPU
		{F4B4A454-B13C-4F34-9766-AF4B0DF65344}.Debug|Any CPU.Build.0 = Debug|Any CPU
		{F4B4A454-B13C-4F34-9766-AF4B0DF65344}.Release|Any CPU.ActiveCfg = Release|Any CPU
		{F4B4A454-B13C-4F34-9766-AF4B0DF65344}.Release|Any CPU.Build.0 = Release|Any CPU
	EndGlobalSection
	GlobalSection(SolutionProperties) = preSolution
		HideSolutionNode = FALSE
	EndGlobalSection
	GlobalSection(ExtensibilityGlobals) = postSolution
		SolutionGuid = {320A92C5-4F4A-4365-94FC-A601982F43E5}
	EndGlobalSection
EndGlobal
